
Microsoft Visual Studio Solution File, Format Version 11.00
# Visual Studio 2010
Project("{FAE04EC0-301F-11D3-BF4B-00C04F79EFBC}") = "Website", "Website\Website.csproj", "{F35EB61C-DB28-4DAF-98FE-8F3E6761C0E1}"
EndProject
Project("{FAE04EC0-301F-11D3-BF4B-00C04F79EFBC}") = "Test", "Test\Test.csproj", "{CAB2554D-BD31-452E-95A1-43C743AEC8C8}"
EndProject
Project("{2150E333-8FDC-42A3-9474-1A3956D46DE8}") = ".nuget", ".nuget", "{09C4E66C-0792-4EA3-896B-35D07725C74E}"
	ProjectSection(SolutionItems) = preProject
		.nuget\NuGet.exe = .nuget\NuGet.exe
		.nuget\NuGet.targets = .nuget\NuGet.targets
	EndProjectSection
EndProject
Global
	GlobalSection(SolutionConfigurationPlatforms) = preSolution
		Debug|Any CPU = Debug|Any CPU
		Release|Any CPU = Release|Any CPU
	EndGlobalSection
	GlobalSection(ProjectConfigurationPlatforms) = postSolution
		{F35EB61C-DB28-4DAF-98FE-8F3E6761C0E1}.Debug|Any CPU.ActiveCfg = Debug|Any CPU
		{F35EB61C-DB28-4DAF-98FE-8F3E6761C0E1}.Debug|Any CPU.Build.0 = Debug|Any CPU
		{F35EB61C-DB28-4DAF-98FE-8F3E6761C0E1}.Release|Any CPU.ActiveCfg = Release|Any CPU
		{F35EB61C-DB28-4DAF-98FE-8F3E6761C0E1}.Release|Any CPU.Build.0 = Release|Any CPU
		{CAB2554D-BD31-452E-95A1-43C743AEC8C8}.Debug|Any CPU.ActiveCfg = Debug|Any CPU
		{CAB2554D-BD31-452E-95A1-43C743AEC8C8}.Debug|Any CPU.Build.0 = Debug|Any CPU
		{CAB2554D-BD31-452E-95A1-43C743AEC8C8}.Release|Any CPU.ActiveCfg = Release|Any CPU
		{CAB2554D-BD31-452E-95A1-43C743AEC8C8}.Release|Any CPU.Build.0 = Release|Any CPU
	EndGlobalSection
	GlobalSection(SolutionProperties) = preSolution
		HideSolutionNode = FALSE
	EndGlobalSection
EndGlobal
